{
  "version": 4,
  "terraform_version": "1.13.2",
  "serial": 1,
  "lineage": "f7b16f45-0c4f-4eb0-b326-54d4f3c943b1",
  "outputs": {
    "aks_cluster_name": {
      "value": "ks8",
      "type": "string"
    },
    "applied_manifests": {
      "value": [],
      "type": [
        "tuple",
        []
      ]
    },
    "cert_manager_installed": {
      "value": true,
      "type": "bool"
    },
    "cert_manager_namespace": {
      "value": "cert-manager",
      "type": "string"
    },
    "cert_manager_usage": {
      "value": "Add annotation: cert-manager.io/cluster-issuer: letsencrypt-staging",
      "type": "string"
    },
    "cert_manager_version": {
      "value": "v1.18.2",
      "type": "string"
    },
    "deployment_status": {
      "value": {
        "cluster_ready": "ready",
        "manifests_applied": false,
        "total_manifests": 0
      },
      "type": [
        "object",
        {
          "cluster_ready": "string",
          "manifests_applied": "bool",
          "total_manifests": "number"
        }
      ]
    },
    "letsencrypt_issuers": {
      "value": [
        "letsencrypt-staging",
        "letsencrypt-prod"
      ],
      "type": [
        "list",
        "string"
      ]
    },
    "resource_group": {
      "value": "ks8",
      "type": "string"
    }
  },
  "resources": [
    {
      "mode": "managed",
      "type": "azurerm_resource_group",
      "name": "rg",
      "provider": "provider[\"registry.terraform.io/hashicorp/azurerm\"]",
      "instances": [
        {
          "schema_version": 0,
          "attributes": {
            "id": "/subscriptions/8da69e6f-64ad-471e-b21a-1e499cd9d360/resourceGroups/ks8",
            "location": "eastus",
            "managed_by": "",
            "name": "ks8",
            "tags": null,
            "timeouts": null
          },
          "sensitive_attributes": [],
          "identity_schema_version": 0,
          "private": "eyJlMmJmYjczMC1lY2FhLTExZTYtOGY4OC0zNDM2M2JjN2M0YzAiOnsiY3JlYXRlIjo1NDAwMDAwMDAwMDAwLCJkZWxldGUiOjU0MDAwMDAwMDAwMDAsInJlYWQiOjMwMDAwMDAwMDAwMCwidXBkYXRlIjo1NDAwMDAwMDAwMDAwfX0="
        }
      ]
    }
  ],
  "check_results": null
}
